
Microsoft Visual Studio Solution File, Format Version 12.00
# Visual Studio Version 16
VisualStudioVersion = 16.0.32630.194
MinimumVisualStudioVersion = 10.0.40219.1
Project("{FAE04EC0-301F-11D3-BF4B-00C04F79EFBC}") = "loop_practise", "fooling_around\loop_practise.csproj", "{F5CAE6EF-062C-489C-8285-37DD6E67F850}"
EndProject
Global
	GlobalSection(SolutionConfigurationPlatforms) = preSolution
		Debug|Any CPU = Debug|Any CPU
		Release|Any CPU = Release|Any CPU
	EndGlobalSection
	GlobalSection(ProjectConfigurationPlatforms) = postSolution
		{F5CAE6EF-062C-489C-8285-37DD6E67F850}.Debug|Any CPU.ActiveCfg = Debug|Any CPU
		{F5CAE6EF-062C-489C-8285-37DD6E67F850}.Debug|Any CPU.Build.0 = Debug|Any CPU
		{F5CAE6EF-062C-489C-8285-37DD6E67F850}.Release|Any CPU.ActiveCfg = Release|Any CPU
		{F5CAE6EF-062C-489C-8285-37DD6E67F850}.Release|Any CPU.Build.0 = Release|Any CPU
	EndGlobalSection
	GlobalSection(SolutionProperties) = preSolution
		HideSolutionNode = FALSE
	EndGlobalSection
	GlobalSection(ExtensibilityGlobals) = postSolution
		SolutionGuid = {96F3F490-566B-4324-A634-F4B075EB5D8F}
	EndGlobalSection
EndGlobal
